
Microsoft Visual Studio Solution File, Format Version 12.00
# Visual Studio Version 17
VisualStudioVersion = 17.9.34728.123
MinimumVisualStudioVersion = 10.0.40219.1
Project("{FAE04EC0-301F-11D3-BF4B-00C04F79EFBC}") = "GoonsTracker_bot", "GoonsTracker_bot.csproj", "{8CA93BBB-E00D-4FB5-AD12-DA056B6FA9FF}"
EndProject
Global
	GlobalSection(SolutionConfigurationPlatforms) = preSolution
		Debug|Any CPU = Debug|Any CPU
		Release|Any CPU = Release|Any CPU
	EndGlobalSection
	GlobalSection(ProjectConfigurationPlatforms) = postSolution
		{8CA93BBB-E00D-4FB5-AD12-DA056B6FA9FF}.Debug|Any CPU.ActiveCfg = Debug|Any CPU
		{8CA93BBB-E00D-4FB5-AD12-DA056B6FA9FF}.Debug|Any CPU.Build.0 = Debug|Any CPU
		{8CA93BBB-E00D-4FB5-AD12-DA056B6FA9FF}.Release|Any CPU.ActiveCfg = Release|Any CPU
		{8CA93BBB-E00D-4FB5-AD12-DA056B6FA9FF}.Release|Any CPU.Build.0 = Release|Any CPU
	EndGlobalSection
	GlobalSection(SolutionProperties) = preSolution
		HideSolutionNode = FALSE
	EndGlobalSection
	GlobalSection(ExtensibilityGlobals) = postSolution
		SolutionGuid = {0404809B-F28E-4D09-A7DB-2A04F0C856A2}
	EndGlobalSection
EndGlobal
